
Microsoft Visual Studio Solution File, Format Version 12.00
# Visual Studio 2012
Project("{FAE04EC0-301F-11D3-BF4B-00C04F79EFBC}") = "DemoXIBLess", "DemoXIBLess\DemoXIBLess.csproj", "{62F506B3-2E0A-4165-9CC3-B7F70880E0D4}"
EndProject
Global
	GlobalSection(SolutionConfigurationPlatforms) = preSolution
		Debug|iPhoneSimulator = Debug|iPhoneSimulator
		Release|iPhoneSimulator = Release|iPhoneSimulator
		Debug|iPhone = Debug|iPhone
		Release|iPhone = Release|iPhone
		Ad-Hoc|iPhone = Ad-Hoc|iPhone
		AppStore|iPhone = AppStore|iPhone
	EndGlobalSection
	GlobalSection(ProjectConfigurationPlatforms) = postSolution
		{62F506B3-2E0A-4165-9CC3-B7F70880E0D4}.Ad-Hoc|iPhone.ActiveCfg = Ad-Hoc|iPhone
		{62F506B3-2E0A-4165-9CC3-B7F70880E0D4}.Ad-Hoc|iPhone.Build.0 = Ad-Hoc|iPhone
		{62F506B3-2E0A-4165-9CC3-B7F70880E0D4}.AppStore|iPhone.ActiveCfg = AppStore|iPhone
		{62F506B3-2E0A-4165-9CC3-B7F70880E0D4}.AppStore|iPhone.Build.0 = AppStore|iPhone
		{62F506B3-2E0A-4165-9CC3-B7F70880E0D4}.Debug|iPhone.ActiveCfg = Debug|iPhone
		{62F506B3-2E0A-4165-9CC3-B7F70880E0D4}.Debug|iPhone.Build.0 = Debug|iPhone
		{62F506B3-2E0A-4165-9CC3-B7F70880E0D4}.Debug|iPhoneSimulator.ActiveCfg = Debug|iPhoneSimulator
		{62F506B3-2E0A-4165-9CC3-B7F70880E0D4}.Debug|iPhoneSimulator.Build.0 = Debug|iPhoneSimulator
		{62F506B3-2E0A-4165-9CC3-B7F70880E0D4}.Release|iPhone.ActiveCfg = Release|iPhone
		{62F506B3-2E0A-4165-9CC3-B7F70880E0D4}.Release|iPhone.Build.0 = Release|iPhone
		{62F506B3-2E0A-4165-9CC3-B7F70880E0D4}.Release|iPhoneSimulator.ActiveCfg = Release|iPhoneSimulator
		{62F506B3-2E0A-4165-9CC3-B7F70880E0D4}.Release|iPhoneSimulator.Build.0 = Release|iPhoneSimulator
	EndGlobalSection
	GlobalSection(MonoDevelopProperties) = preSolution
		StartupItem = DemoXIBLess\DemoXIBLess.csproj
	EndGlobalSection
EndGlobal
